// !$*UTF8*$!
{
	archiveVersion = 1;
	classes = {
	};
	objectVersion = 50;
	objects = {

/* Begin PBXBuildFile section */
		573EFF5C2610832A00589BB2 /* AppDelegate.swift in Sources */ = {isa = PBXBuildFile; fileRef = 573EFF5B2610832A00589BB2 /* AppDelegate.swift */; };
		573EFF5E2610832A00589BB2 /* SceneDelegate.swift in Sources */ = {isa = PBXBuildFile; fileRef = 573EFF5D2610832A00589BB2 /* SceneDelegate.swift */; };
		573EFF602610832A00589BB2 /* ViewController.swift in Sources */ = {isa = PBXBuildFile; fileRef = 573EFF5F2610832A00589BB2 /* ViewController.swift */; };
		573EFF632610832A00589BB2 /* Main.storyboard in Resources */ = {isa = PBXBuildFile; fileRef = 573EFF612610832A00589BB2 /* Main.storyboard */; };
		573EFF652610832D00589BB2 /* Assets.xcassets in Resources */ = {isa = PBXBuildFile; fileRef = 573EFF642610832D00589BB2 /* Assets.xcassets */; };
		573EFF682610832D00589BB2 /* LaunchScreen.storyboard in Resources */ = {isa = PBXBuildFile; fileRef = 573EFF662610832D00589BB2 /* LaunchScreen.storyboard */; };
		573EFF732610832D00589BB2 /* Rock_Paper_ScissorsTests.swift in Sources */ = {isa = PBXBuildFile; fileRef = 573EFF722610832D00589BB2 /* Rock_Paper_ScissorsTests.swift */; };
		573EFF7E2610832D00589BB2 /* Rock_Paper_ScissorsUITests.swift in Sources */ = {isa = PBXBuildFile; fileRef = 573EFF7D2610832D00589BB2 /* Rock_Paper_ScissorsUITests.swift */; };
		573EFF99261A0C9600589BB2 /* EndGameViewController.swift in Sources */ = {isa = PBXBuildFile; fileRef = 573EFF98261A0C9600589BB2 /* EndGameViewController.swift */; };
		573EFFA6261A2CDA00589BB2 /* MainViewController.swift in Sources */ = {isa = PBXBuildFile; fileRef = 573EFFA5261A2CDA00589BB2 /* MainViewController.swift */; };
/* End PBXBuildFile section */

/* Begin PBXContainerItemProxy section */
		573EFF6F2610832D00589BB2 /* PBXContainerItemProxy */ = {
			isa = PBXContainerItemProxy;
			containerPortal = 573EFF502610832A00589BB2 /* Project object */;
			proxyType = 1;
			remoteGlobalIDString = 573EFF572610832A00589BB2;
			remoteInfo = Rock_Paper_Scissors;
		};
		573EFF7A2610832D00589BB2 /* PBXContainerItemProxy */ = {
			isa = PBXContainerItemProxy;
			containerPortal = 573EFF502610832A00589BB2 /* Project object */;
			proxyType = 1;
			remoteGlobalIDString = 573EFF572610832A00589BB2;
			remoteInfo = Rock_Paper_Scissors;
		};
/* End PBXContainerItemProxy section */

/* Begin PBXFileReference section */
		573EFF582610832A00589BB2 /* Rock_Paper_Scissors.app */ = {isa = PBXFileReference; explicitFileType = wrapper.application; includeInIndex = 0; path = Rock_Paper_Scissors.app; sourceTree = BUILT_PRODUCTS_DIR; };
		573EFF5B2610832A00589BB2 /* AppDelegate.swift */ = {isa = PBXFileReference; lastKnownFileType = sourcecode.swift; path = AppDelegate.swift; sourceTree = "<group>"; };
		573EFF5D2610832A00589BB2 /* SceneDelegate.swift */ = {isa = PBXFileReference; lastKnownFileType = sourcecode.swift; path = SceneDelegate.swift; sourceTree = "<group>"; };
		573EFF5F2610832A00589BB2 /* ViewController.swift */ = {isa = PBXFileReference; lastKnownFileType = sourcecode.swift; path = ViewController.swift; sourceTree = "<group>"; };
		573EFF622610832A00589BB2 /* Base */ = {isa = PBXFileReference; lastKnownFileType = file.storyboard; name = Base; path = Base.lproj/Main.storyboard; sourceTree = "<group>"; };
		573EFF642610832D00589BB2 /* Assets.xcassets */ = {isa = PBXFileReference; lastKnownFileType = folder.assetcatalog; path = Assets.xcassets; sourceTree = "<group>"; };
		573EFF672610832D00589BB2 /* Base */ = {isa = PBXFileReference; lastKnownFileType = file.storyboard; name = Base; path = Base.lproj/LaunchScreen.storyboard; sourceTree = "<group>"; };
		573EFF692610832D00589BB2 /* Info.plist */ = {isa = PBXFileReference; lastKnownFileType = text.plist.xml; path = Info.plist; sourceTree = "<group>"; };
		573EFF6E2610832D00589BB2 /* Rock_Paper_ScissorsTests.xctest */ = {isa = PBXFileReference; explicitFileType = wrapper.cfbundle; includeInIndex = 0; path = Rock_Paper_ScissorsTests.xctest; sourceTree = BUILT_PRODUCTS_DIR; };
		573EFF722610832D00589BB2 /* Rock_Paper_ScissorsTests.swift */ = {isa = PBXFileReference; lastKnownFileType = sourcecode.swift; path = Rock_Paper_ScissorsTests.swift; sourceTree = "<group>"; };
		573EFF742610832D00589BB2 /* Info.plist */ = {isa = PBXFileReference; lastKnownFileType = text.plist.xml; path = Info.plist; sourceTree = "<group>"; };
		573EFF792610832D00589BB2 /* Rock_Paper_ScissorsUITests.xctest */ = {isa = PBXFileReference; explicitFileType = wrapper.cfbundle; includeInIndex = 0; path = Rock_Paper_ScissorsUITests.xctest; sourceTree = BUILT_PRODUCTS_DIR; };
		573EFF7D2610832D00589BB2 /* Rock_Paper_ScissorsUITests.swift */ = {isa = PBXFileReference; lastKnownFileType = sourcecode.swift; path = Rock_Paper_ScissorsUITests.swift; sourceTree = "<group>"; };
		573EFF7F2610832D00589BB2 /* Info.plist */ = {isa = PBXFileReference; lastKnownFileType = text.plist.xml; path = Info.plist; sourceTree = "<group>"; };
		573EFF98261A0C9600589BB2 /* EndGameViewController.swift */ = {isa = PBXFileReference; lastKnownFileType = sourcecode.swift; path = EndGameViewController.swift; sourceTree = "<group>"; };
		573EFFA5261A2CDA00589BB2 /* MainViewController.swift */ = {isa = PBXFileReference; lastKnownFileType = sourcecode.swift; path = MainViewController.swift; sourceTree = "<group>"; };
/* End PBXFileReference section */

/* Begin PBXFrameworksBuildPhase section */
		573EFF552610832A00589BB2 /* Frameworks */ = {
			isa = PBXFrameworksBuildPhase;
			buildActionMask = 2147483647;
			files = (
			);
			runOnlyForDeploymentPostprocessing = 0;
		};
		573EFF6B2610832D00589BB2 /* Frameworks */ = {
			isa = PBXFrameworksBuildPhase;
			buildActionMask = 2147483647;
			files = (
			);
			runOnlyForDeploymentPostprocessing = 0;
		};
		573EFF762610832D00589BB2 /* Frameworks */ = {
			isa = PBXFrameworksBuildPhase;
			buildActionMask = 2147483647;
			files = (
			);
			runOnlyForDeploymentPostprocessing = 0;
		};
/* End PBXFrameworksBuildPhase section */

/* Begin PBXGroup section */
		573EFF4F2610832A00589BB2 = {
			isa = PBXGroup;
			children = (
				573EFF5A2610832A00589BB2 /* Rock_Paper_Scissors */,
				573EFF712610832D00589BB2 /* Rock_Paper_ScissorsTests */,
				573EFF7C2610832D00589BB2 /* Rock_Paper_ScissorsUITests */,
				573EFF592610832A00589BB2 /* Products */,
			);
			sourceTree = "<group>";
		};
		573EFF592610832A00589BB2 /* Products */ = {
			isa = PBXGroup;
			children = (
				573EFF582610832A00589BB2 /* Rock_Paper_Scissors.app */,
				573EFF6E2610832D00589BB2 /* Rock_Paper_ScissorsTests.xctest */,
				573EFF792610832D00589BB2 /* Rock_Paper_ScissorsUITests.xctest */,
			);
			name = Products;
			sourceTree = "<group>";
		};
		573EFF5A2610832A00589BB2 /* Rock_Paper_Scissors */ = {
			isa = PBXGroup;
			children = (
				573EFF5B2610832A00589BB2 /* AppDelegate.swift */,
				573EFF5D2610832A00589BB2 /* SceneDelegate.swift */,
				573EFF5F2610832A00589BB2 /* ViewController.swift */,
				573EFF98261A0C9600589BB2 /* EndGameViewController.swift */,
				573EFF612610832A00589BB2 /* Main.storyboard */,
				573EFFA5261A2CDA00589BB2 /* MainViewController.swift */,
				573EFF642610832D00589BB2 /* Assets.xcassets */,
				573EFF662610832D00589BB2 /* LaunchScreen.storyboard */,
				573EFF692610832D00589BB2 /* Info.plist */,
			);
			path = Rock_Paper_Scissors;
			sourceTree = "<group>";
		};
		573EFF712610832D00589BB2 /* Rock_Paper_ScissorsTests */ = {
			isa = PBXGroup;
			children = (
				573EFF722610832D00589BB2 /* Rock_Paper_ScissorsTests.swift */,
				573EFF742610832D00589BB2 /* Info.plist */,
			);
			path = Rock_Paper_ScissorsTests;
			sourceTree = "<group>";
		};
		573EFF7C2610832D00589BB2 /* Rock_Paper_ScissorsUITests */ = {
			isa = PBXGroup;
			children = (
				573EFF7D2610832D00589BB2 /* Rock_Paper_ScissorsUITests.swift */,
				573EFF7F2610832D00589BB2 /* Info.plist */,
			);
			path = Rock_Paper_ScissorsUITests;
			sourceTree = "<group>";
		};
/* End PBXGroup section */

/* Begin PBXNativeTarget section */
		573EFF572610832A00589BB2 /* Rock_Paper_Scissors */ = {
			isa = PBXNativeTarget;
			buildConfigurationList = 573EFF822610832D00589BB2 /* Build configuration list for PBXNativeTarget "Rock_Paper_Scissors" */;
			buildPhases = (
				573EFF542610832A00589BB2 /* Sources */,
				573EFF552610832A00589BB2 /* Frameworks */,
				573EFF562610832A00589BB2 /* Resources */,
			);
			buildRules = (
			);
			dependencies = (
			);
			name = Rock_Paper_Scissors;
			productName = Rock_Paper_Scissors;
			productReference = 573EFF582610832A00589BB2 /* Rock_Paper_Scissors.app */;
			productType = "com.apple.product-type.application";
		};
		573EFF6D2610832D00589BB2 /* Rock_Paper_ScissorsTests */ = {
			isa = PBXNativeTarget;
			buildConfigurationList = 573EFF852610832D00589BB2 /* Build configuration list for PBXNativeTarget "Rock_Paper_ScissorsTests" */;
			buildPhases = (
				573EFF6A2610832D00589BB2 /* Sources */,
				573EFF6B2610832D00589BB2 /* Frameworks */,
				573EFF6C2610832D00589BB2 /* Resources */,
			);
			buildRules = (
			);
			dependencies = (
				573EFF702610832D00589BB2 /* PBXTargetDependency */,
			);
			name = Rock_Paper_ScissorsTests;
			productName = Rock_Paper_ScissorsTests;
			productReference = 573EFF6E2610832D00589BB2 /* Rock_Paper_ScissorsTests.xctest */;
			productType = "com.apple.product-type.bundle.unit-test";
		};
		573EFF782610832D00589BB2 /* Rock_Paper_ScissorsUITests */ = {
			isa = PBXNativeTarget;
			buildConfigurationList = 573EFF882610832D00589BB2 /* Build configuration list for PBXNativeTarget "Rock_Paper_ScissorsUITests" */;
			buildPhases = (
				573EFF752610832D00589BB2 /* Sources */,
				573EFF762610832D00589BB2 /* Frameworks */,
				573EFF772610832D00589BB2 /* Resources */,
			);
			buildRules = (
			);
			dependencies = (
				573EFF7B2610832D00589BB2 /* PBXTargetDependency */,
			);
			name = Rock_Paper_ScissorsUITests;
			productName = Rock_Paper_ScissorsUITests;
			productReference = 573EFF792610832D00589BB2 /* Rock_Paper_ScissorsUITests.xctest */;
			productType = "com.apple.product-type.bundle.ui-testing";
		};
/* End PBXNativeTarget section */

/* Begin PBXProject section */
		573EFF502610832A00589BB2 /* Project object */ = {
			isa = PBXProject;
			attributes = {
				LastSwiftUpdateCheck = 1240;
				LastUpgradeCheck = 1240;
				TargetAttributes = {
					573EFF572610832A00589BB2 = {
						CreatedOnToolsVersion = 12.4;
					};
					573EFF6D2610832D00589BB2 = {
						CreatedOnToolsVersion = 12.4;
						TestTargetID = 573EFF572610832A00589BB2;
					};
					573EFF782610832D00589BB2 = {
						CreatedOnToolsVersion = 12.4;
						TestTargetID = 573EFF572610832A00589BB2;
					};
				};
			};
			buildConfigurationList = 573EFF532610832A00589BB2 /* Build configuration list for PBXProject "Rock_Paper_Scissors" */;
			compatibilityVersion = "Xcode 9.3";
			developmentRegion = en;
			hasScannedForEncodings = 0;
			knownRegions = (
				en,
				Base,
			);
			mainGroup = 573EFF4F2610832A00589BB2;
			productRefGroup = 573EFF592610832A00589BB2 /* Products */;
			projectDirPath = "";
			projectRoot = "";
			targets = (
				573EFF572610832A00589BB2 /* Rock_Paper_Scissors */,
				573EFF6D2610832D00589BB2 /* Rock_Paper_ScissorsTests */,
				573EFF782610832D00589BB2 /* Rock_Paper_ScissorsUITests */,
			);
		};
/* End PBXProject section */

/* Begin PBXResourcesBuildPhase section */
		573EFF562610832A00589BB2 /* Resources */ = {
			isa = PBXResourcesBuildPhase;
			buildActionMask = 2147483647;
			files = (
				573EFF682610832D00589BB2 /* LaunchScreen.storyboard in Resources */,
				573EFF652610832D00589BB2 /* Assets.xcassets in Resources */,
				573EFF632610832A00589BB2 /* Main.storyboard in Resources */,
			);
			runOnlyForDeploymentPostprocessing = 0;
		};
		573EFF6C2610832D00589BB2 /* Resources */ = {
			isa = PBXResourcesBuildPhase;
			buildActionMask = 2147483647;
			files = (
			);
			runOnlyForDeploymentPostprocessing = 0;
		};
		573EFF772610832D00589BB2 /* Resources */ = {
			isa = PBXResourcesBuildPhase;
			buildActionMask = 2147483647;
			files = (
			);
			runOnlyForDeploymentPostprocessing = 0;
		};
/* End PBXResourcesBuildPhase section */

/* Begin PBXSourcesBuildPhase section */
		573EFF542610832A00589BB2 /* Sources */ = {
			isa = PBXSourcesBuildPhase;
			buildActionMask = 2147483647;
			files = (
				573EFF602610832A00589BB2 /* ViewController.swift in Sources */,
				573EFF5C2610832A00589BB2 /* AppDelegate.swift in Sources */,
				573EFF99261A0C9600589BB2 /* EndGameViewController.swift in Sources */,
				573EFF5E2610832A00589BB2 /* SceneDelegate.swift in Sources */,
				573EFFA6261A2CDA00589BB2 /* MainViewController.swift in Sources */,
			);
			runOnlyForDeploymentPostprocessing = 0;
		};
		573EFF6A2610832D00589BB2 /* Sources */ = {
			isa = PBXSourcesBuildPhase;
			buildActionMask = 2147483647;
			files = (
				573EFF732610832D00589BB2 /* Rock_Paper_ScissorsTests.swift in Sources */,
			);
			runOnlyForDeploymentPostprocessing = 0;
		};
		573EFF752610832D00589BB2 /* Sources */ = {
			isa = PBXSourcesBuildPhase;
			buildActionMask = 2147483647;
			files = (
				573EFF7E2610832D00589BB2 /* Rock_Paper_ScissorsUITests.swift in Sources */,
			);
			runOnlyForDeploymentPostprocessing = 0;
		};
/* End PBXSourcesBuildPhase section */

/* Begin PBXTargetDependency section */
		573EFF702610832D00589BB2 /* PBXTargetDependency */ = {
			isa = PBXTargetDependency;
			target = 573EFF572610832A00589BB2 /* Rock_Paper_Scissors */;
			targetProxy = 573EFF6F2610832D00589BB2 /* PBXContainerItemProxy */;
		};
		573EFF7B2610832D00589BB2 /* PBXTargetDependency */ = {
			isa = PBXTargetDependency;
			target = 573EFF572610832A00589BB2 /* Rock_Paper_Scissors */;
			targetProxy = 573EFF7A2610832D00589BB2 /* PBXContainerItemProxy */;
		};
/* End PBXTargetDependency section */

/* Begin PBXVariantGroup section */
		573EFF612610832A00589BB2 /* Main.storyboard */ = {
			isa = PBXVariantGroup;
			children = (
				573EFF622610832A00589BB2 /* Base */,
			);
			name = Main.storyboard;
			sourceTree = "<group>";
		};
		573EFF662610832D00589BB2 /* LaunchScreen.storyboard */ = {
			isa = PBXVariantGroup;
			children = (
				573EFF672610832D00589BB2 /* Base */,
			);
			name = LaunchScreen.storyboard;
			sourceTree = "<group>";
		};
/* End PBXVariantGroup section */

/* Begin XCBuildConfiguration section */
		573EFF802610832D00589BB2 /* Debug */ = {
			isa = XCBuildConfiguration;
			buildSettings = {
				ALWAYS_SEARCH_USER_PATHS = NO;
				CLANG_ANALYZER_NONNULL = YES;
				CLANG_ANALYZER_NUMBER_OBJECT_CONVERSION = YES_AGGRESSIVE;
				CLANG_CXX_LANGUAGE_STANDARD = "gnu++14";
				CLANG_CXX_LIBRARY = "libc++";
				CLANG_ENABLE_MODULES = YES;
				CLANG_ENABLE_OBJC_ARC = YES;
				CLANG_ENABLE_OBJC_WEAK = YES;
				CLANG_WARN_BLOCK_CAPTURE_AUTORELEASING = YES;
				CLANG_WARN_BOOL_CONVERSION = YES;
				CLANG_WARN_COMMA = YES;
				CLANG_WARN_CONSTANT_CONVERSION = YES;
				CLANG_WARN_DEPRECATED_OBJC_IMPLEMENTATIONS = YES;
				CLANG_WARN_DIRECT_OBJC_ISA_USAGE = YES_ERROR;
				CLANG_WARN_DOCUMENTATION_COMMENTS = YES;
				CLANG_WARN_EMPTY_BODY = YES;
				CLANG_WARN_ENUM_CONVERSION = YES;
				CLANG_WARN_INFINITE_RECURSION = YES;
				CLANG_WARN_INT_CONVERSION = YES;
				CLANG_WARN_NON_LITERAL_NULL_CONVERSION = YES;
				CLANG_WARN_OBJC_IMPLICIT_RETAIN_SELF = YES;
				CLANG_WARN_OBJC_LITERAL_CONVERSION = YES;
				CLANG_WARN_OBJC_ROOT_CLASS = YES_ERROR;
				CLANG_WARN_QUOTED_INCLUDE_IN_FRAMEWORK_HEADER = YES;
				CLANG_WARN_RANGE_LOOP_ANALYSIS = YES;
				CLANG_WARN_STRICT_PROTOTYPES = YES;
				CLANG_WARN_SUSPICIOUS_MOVE = YES;
				CLANG_WARN_UNGUARDED_AVAILABILITY = YES_AGGRESSIVE;
				CLANG_WARN_UNREACHABLE_CODE = YES;
				CLANG_WARN__DUPLICATE_METHOD_MATCH = YES;
				COPY_PHASE_STRIP = NO;
				DEBUG_INFORMATION_FORMAT = dwarf;
				ENABLE_STRICT_OBJC_MSGSEND = YES;
				ENABLE_TESTABILITY = YES;
				GCC_C_LANGUAGE_STANDARD = gnu11;
				GCC_DYNAMIC_NO_PIC = NO;
				GCC_NO_COMMON_BLOCKS = YES;
				GCC_OPTIMIZATION_LEVEL = 0;
				GCC_PREPROCESSOR_DEFINITIONS = (
					"DEBUG=1",
					"$(inherited)",
				);
				GCC_WARN_64_TO_32_BIT_CONVERSION = YES;
				GCC_WARN_ABOUT_RETURN_TYPE = YES_ERROR;
				GCC_WARN_UNDECLARED_SELECTOR = YES;
				GCC_WARN_UNINITIALIZED_AUTOS = YES_AGGRESSIVE;
				GCC_WARN_UNUSED_FUNCTION = YES;
				GCC_WARN_UNUSED_VARIABLE = YES;
				IPHONEOS_DEPLOYMENT_TARGET = 14.4;
				MTL_ENABLE_DEBUG_INFO = INCLUDE_SOURCE;
				MTL_FAST_MATH = YES;
				ONLY_ACTIVE_ARCH = YES;
				SDKROOT = iphoneos;
				SWIFT_ACTIVE_COMPILATION_CONDITIONS = DEBUG;
				SWIFT_OPTIMIZATION_LEVEL = "-Onone";
			};
			name = Debug;
		};
		573EFF812610832D00589BB2 /* Release */ = {
			isa = XCBuildConfiguration;
			buildSettings = {
				ALWAYS_SEARCH_USER_PATHS = NO;
				CLANG_ANALYZER_NONNULL = YES;
				CLANG_ANALYZER_NUMBER_OBJECT_CONVERSION = YES_AGGRESSIVE;
				CLANG_CXX_LANGUAGE_STANDARD = "gnu++14";
				CLANG_CXX_LIBRARY = "libc++";
				CLANG_ENABLE_MODULES = YES;
				CLANG_ENABLE_OBJC_ARC = YES;
				CLANG_ENABLE_OBJC_WEAK = YES;
				CLANG_WARN_BLOCK_CAPTURE_AUTORELEASING = YES;
				CLANG_WARN_BOOL_CONVERSION = YES;
				CLANG_WARN_COMMA = YES;
				CLANG_WARN_CONSTANT_CONVERSION = YES;
				CLANG_WARN_DEPRECATED_OBJC_IMPLEMENTATIONS = YES;
				CLANG_WARN_DIRECT_OBJC_ISA_USAGE = YES_ERROR;
				CLANG_WARN_DOCUMENTATION_COMMENTS = YES;
				CLANG_WARN_EMPTY_BODY = YES;
				CLANG_WARN_ENUM_CONVERSION = YES;
				CLANG_WARN_INFINITE_RECURSION = YES;
				CLANG_WARN_INT_CONVERSION = YES;
				CLANG_WARN_NON_LITERAL_NULL_CONVERSION = YES;
				CLANG_WARN_OBJC_IMPLICIT_RETAIN_SELF = YES;
				CLANG_WARN_OBJC_LITERAL_CONVERSION = YES;
				CLANG_WARN_OBJC_ROOT_CLASS = YES_ERROR;
				CLANG_WARN_QUOTED_INCLUDE_IN_FRAMEWORK_HEADER = YES;
				CLANG_WARN_RANGE_LOOP_ANALYSIS = YES;
				CLANG_WARN_STRICT_PROTOTYPES = YES;
				CLANG_WARN_SUSPICIOUS_MOVE = YES;
				CLANG_WARN_UNGUARDED_AVAILABILITY = YES_AGGRESSIVE;
				CLANG_WARN_UNREACHABLE_CODE = YES;
				CLANG_WARN__DUPLICATE_METHOD_MATCH = YES;
				COPY_PHASE_STRIP = NO;
				DEBUG_INFORMATION_FORMAT = "dwarf-with-dsym";
				ENABLE_NS_ASSERTIONS = NO;
				ENABLE_STRICT_OBJC_MSGSEND = YES;
				GCC_C_LANGUAGE_STANDARD = gnu11;
				GCC_NO_COMMON_BLOCKS = YES;
				GCC_WARN_64_TO_32_BIT_CONVERSION = YES;
				GCC_WARN_ABOUT_RETURN_TYPE = YES_ERROR;
				GCC_WARN_UNDECLARED_SELECTOR = YES;
				GCC_WARN_UNINITIALIZED_AUTOS = YES_AGGRESSIVE;
				GCC_WARN_UNUSED_FUNCTION = YES;
				GCC_WARN_UNUSED_VARIABLE = YES;
				IPHONEOS_DEPLOYMENT_TARGET = 14.4;
				MTL_ENABLE_DEBUG_INFO = NO;
				MTL_FAST_MATH = YES;
				SDKROOT = iphoneos;
				SWIFT_COMPILATION_MODE = wholemodule;
				SWIFT_OPTIMIZATION_LEVEL = "-O";
				VALIDATE_PRODUCT = YES;
			};
			name = Release;
		};
		573EFF832610832D00589BB2 /* Debug */ = {
			isa = XCBuildConfiguration;
			buildSettings = {
				ASSETCATALOG_COMPILER_APPICON_NAME = AppIcon;
				ASSETCATALOG_COMPILER_GLOBAL_ACCENT_COLOR_NAME = AccentColor;
				CODE_SIGN_STYLE = Automatic;
				DEVELOPMENT_TEAM = 4C7WMFF7BR;
				INFOPLIST_FILE = Rock_Paper_Scissors/Info.plist;
				LD_RUNPATH_SEARCH_PATHS = (
					"$(inherited)",
					"@executable_path/Frameworks",
				);
				PRODUCT_BUNDLE_IDENTIFIER = "KeremGurses.Rock-Paper-Scissors";
				PRODUCT_NAME = "$(TARGET_NAME)";
				SWIFT_VERSION = 5.0;
				TARGETED_DEVICE_FAMILY = "1,2";
			};
			name = Debug;
		};
		573EFF842610832D00589BB2 /* Release */ = {
			isa = XCBuildConfiguration;
			buildSettings = {
				ASSETCATALOG_COMPILER_APPICON_NAME = AppIcon;
				ASSETCATALOG_COMPILER_GLOBAL_ACCENT_COLOR_NAME = AccentColor;
				CODE_SIGN_STYLE = Automatic;
				DEVELOPMENT_TEAM = 4C7WMFF7BR;
				INFOPLIST_FILE = Rock_Paper_Scissors/Info.plist;
				LD_RUNPATH_SEARCH_PATHS = (
					"$(inherited)",
					"@executable_path/Frameworks",
				);
				PRODUCT_BUNDLE_IDENTIFIER = "KeremGurses.Rock-Paper-Scissors";
				PRODUCT_NAME = "$(TARGET_NAME)";
				SWIFT_VERSION = 5.0;
				TARGETED_DEVICE_FAMILY = "1,2";
			};
			name = Release;
		};
		573EFF862610832D00589BB2 /* Debug */ = {
			isa = XCBuildConfiguration;
			buildSettings = {
				ALWAYS_EMBED_SWIFT_STANDARD_LIBRARIES = YES;
				BUNDLE_LOADER = "$(TEST_HOST)";
				CODE_SIGN_STYLE = Automatic;
				DEVELOPMENT_TEAM = 4C7WMFF7BR;
				INFOPLIST_FILE = Rock_Paper_ScissorsTests/Info.plist;
				IPHONEOS_DEPLOYMENT_TARGET = 14.4;
				LD_RUNPATH_SEARCH_PATHS = (
					"$(inherited)",
					"@executable_path/Frameworks",
					"@loader_path/Frameworks",
				);
				PRODUCT_BUNDLE_IDENTIFIER = "KeremGurses.Rock-Paper-ScissorsTests";
				PRODUCT_NAME = "$(TARGET_NAME)";
				SWIFT_VERSION = 5.0;
				TARGETED_DEVICE_FAMILY = "1,2";
				TEST_HOST = "$(BUILT_PRODUCTS_DIR)/Rock_Paper_Scissors.app/Rock_Paper_Scissors";
			};
			name = Debug;
		};
		573EFF872610832D00589BB2 /* Release */ = {
			isa = XCBuildConfiguration;
			buildSettings = {
				ALWAYS_EMBED_SWIFT_STANDARD_LIBRARIES = YES;
				BUNDLE_LOADER = "$(TEST_HOST)";
				CODE_SIGN_STYLE = Automatic;
				DEVELOPMENT_TEAM = 4C7WMFF7BR;
				INFOPLIST_FILE = Rock_Paper_ScissorsTests/Info.plist;
				IPHONEOS_DEPLOYMENT_TARGET = 14.4;
				LD_RUNPATH_SEARCH_PATHS = (
					"$(inherited)",
					"@executable_path/Frameworks",
					"@loader_path/Frameworks",
				);
				PRODUCT_BUNDLE_IDENTIFIER = "KeremGurses.Rock-Paper-ScissorsTests";
				PRODUCT_NAME = "$(TARGET_NAME)";
				SWIFT_VERSION = 5.0;
				TARGETED_DEVICE_FAMILY = "1,2";
				TEST_HOST = "$(BUILT_PRODUCTS_DIR)/Rock_Paper_Scissors.app/Rock_Paper_Scissors";
			};
			name = Release;
		};
		573EFF892610832D00589BB2 /* Debug */ = {
			isa = XCBuildConfiguration;
			buildSettings = {
				ALWAYS_EMBED_SWIFT_STANDARD_LIBRARIES = YES;
				CODE_SIGN_STYLE = Automatic;
				DEVELOPMENT_TEAM = 4C7WMFF7BR;
				INFOPLIST_FILE = Rock_Paper_ScissorsUITests/Info.plist;
				LD_RUNPATH_SEARCH_PATHS = (
					"$(inherited)",
					"@executable_path/Frameworks",
					"@loader_path/Frameworks",
				);
				PRODUCT_BUNDLE_IDENTIFIER = "KeremGurses.Rock-Paper-ScissorsUITests";
				PRODUCT_NAME = "$(TARGET_NAME)";
				SWIFT_VERSION = 5.0;
				TARGETED_DEVICE_FAMILY = "1,2";
				TEST_TARGET_NAME = Rock_Paper_Scissors;
			};
			name = Debug;
		};
		573EFF8A2610832D00589BB2 /* Release */ = {
			isa = XCBuildConfiguration;
			buildSettings = {
				ALWAYS_EMBED_SWIFT_STANDARD_LIBRARIES = YES;
				CODE_SIGN_STYLE = Automatic;
				DEVELOPMENT_TEAM = 4C7WMFF7BR;
				INFOPLIST_FILE = Rock_Paper_ScissorsUITests/Info.plist;
				LD_RUNPATH_SEARCH_PATHS = (
					"$(inherited)",
					"@executable_path/Frameworks",
					"@loader_path/Frameworks",
				);
				PRODUCT_BUNDLE_IDENTIFIER = "KeremGurses.Rock-Paper-ScissorsUITests";
				PRODUCT_NAME = "$(TARGET_NAME)";
				SWIFT_VERSION = 5.0;
				TARGETED_DEVICE_FAMILY = "1,2";
				TEST_TARGET_NAME = Rock_Paper_Scissors;
			};
			name = Release;
		};
/* End XCBuildConfiguration section */

/* Begin XCConfigurationList section */
		573EFF532610832A00589BB2 /* Build configuration list for PBXProject "Rock_Paper_Scissors" */ = {
			isa = XCConfigurationList;
			buildConfigurations = (
				573EFF802610832D00589BB2 /* Debug */,
				573EFF812610832D00589BB2 /* Release */,
			);
			defaultConfigurationIsVisible = 0;
			defaultConfigurationName = Release;
		};
		573EFF822610832D00589BB2 /* Build configuration list for PBXNativeTarget "Rock_Paper_Scissors" */ = {
			isa = XCConfigurationList;
			buildConfigurations = (
				573EFF832610832D00589BB2 /* Debug */,
				573EFF842610832D00589BB2 /* Release */,
			);
			defaultConfigurationIsVisible = 0;
			defaultConfigurationName = Release;
		};
		573EFF852610832D00589BB2 /* Build configuration list for PBXNativeTarget "Rock_Paper_ScissorsTests" */ = {
			isa = XCConfigurationList;
			buildConfigurations = (
				573EFF862610832D00589BB2 /* Debug */,
				573EFF872610832D00589BB2 /* Release */,
			);
			defaultConfigurationIsVisible = 0;
			defaultConfigurationName = Release;
		};
		573EFF882610832D00589BB2 /* Build configuration list for PBXNativeTarget "Rock_Paper_ScissorsUITests" */ = {
			isa = XCConfigurationList;
			buildConfigurations = (
				573EFF892610832D00589BB2 /* Debug */,
				573EFF8A2610832D00589BB2 /* Release */,
			);
			defaultConfigurationIsVisible = 0;
			defaultConfigurationName = Release;
		};
/* End XCConfigurationList section */
	};
	rootObject = 573EFF502610832A00589BB2 /* Project object */;
}
